
Microsoft Visual Studio Solution File, Format Version 12.00
# Visual Studio 2013
VisualStudioVersion = 12.0.30501.0
MinimumVisualStudioVersion = 10.0.40219.1
Project("{FAE04EC0-301F-11D3-BF4B-00C04F79EFBC}") = "WebApiHelloWorld", "WebApiHelloWorld\WebApiHelloWorld.csproj", "{E4728B9D-B69F-4FB4-BB95-F4124110861D}"
EndProject
Project("{FAE04EC0-301F-11D3-BF4B-00C04F79EFBC}") = "Data.Access", "Data.Access\Data.Access.csproj", "{57C4B3C7-4645-4DAF-821C-76A79B5CED31}"
EndProject
Global
	GlobalSection(SolutionConfigurationPlatforms) = preSolution
		Debug|Any CPU = Debug|Any CPU
		Release|Any CPU = Release|Any CPU
	EndGlobalSection
	GlobalSection(ProjectConfigurationPlatforms) = postSolution
		{E4728B9D-B69F-4FB4-BB95-F4124110861D}.Debug|Any CPU.ActiveCfg = Debug|Any CPU
		{E4728B9D-B69F-4FB4-BB95-F4124110861D}.Debug|Any CPU.Build.0 = Debug|Any CPU
		{E4728B9D-B69F-4FB4-BB95-F4124110861D}.Release|Any CPU.ActiveCfg = Release|Any CPU
		{E4728B9D-B69F-4FB4-BB95-F4124110861D}.Release|Any CPU.Build.0 = Release|Any CPU
		{57C4B3C7-4645-4DAF-821C-76A79B5CED31}.Debug|Any CPU.ActiveCfg = Debug|Any CPU
		{57C4B3C7-4645-4DAF-821C-76A79B5CED31}.Debug|Any CPU.Build.0 = Debug|Any CPU
		{57C4B3C7-4645-4DAF-821C-76A79B5CED31}.Release|Any CPU.ActiveCfg = Release|Any CPU
		{57C4B3C7-4645-4DAF-821C-76A79B5CED31}.Release|Any CPU.Build.0 = Release|Any CPU
	EndGlobalSection
	GlobalSection(SolutionProperties) = preSolution
		HideSolutionNode = FALSE
	EndGlobalSection
EndGlobal
